// !$*UTF8*$!
{
	archiveVersion = 1;
	classes = {
	};
	objectVersion = 50;
	objects = {

/* Begin PBXBuildFile section */
		4E94A58824EC30C600A6C9D5 /* AppDelegate.swift in Sources */ = {isa = PBXBuildFile; fileRef = 4E94A58724EC30C600A6C9D5 /* AppDelegate.swift */; };
		4E94A58A24EC30C600A6C9D5 /* SceneDelegate.swift in Sources */ = {isa = PBXBuildFile; fileRef = 4E94A58924EC30C600A6C9D5 /* SceneDelegate.swift */; };
		4E94A59124EC30CD00A6C9D5 /* Assets.xcassets in Resources */ = {isa = PBXBuildFile; fileRef = 4E94A59024EC30CD00A6C9D5 /* Assets.xcassets */; };
		4E94A59424EC30CD00A6C9D5 /* LaunchScreen.storyboard in Resources */ = {isa = PBXBuildFile; fileRef = 4E94A59224EC30CD00A6C9D5 /* LaunchScreen.storyboard */; };
		4E94A59D24EC31A900A6C9D5 /* SushiTableViewController.swift in Sources */ = {isa = PBXBuildFile; fileRef = 4E94A59C24EC31A900A6C9D5 /* SushiTableViewController.swift */; };
		4E94A59F24EC324400A6C9D5 /* sushi.json in Resources */ = {isa = PBXBuildFile; fileRef = 4E94A59E24EC324400A6C9D5 /* sushi.json */; };
		4E94A5A224EC32AA00A6C9D5 /* Sushi.swift in Sources */ = {isa = PBXBuildFile; fileRef = 4E94A5A124EC32AA00A6C9D5 /* Sushi.swift */; };
		4E94A5A824EC380300A6C9D5 /* VerticalStackView.swift in Sources */ = {isa = PBXBuildFile; fileRef = 4E94A5A424EC380300A6C9D5 /* VerticalStackView.swift */; };
		4E94A5A924EC380300A6C9D5 /* HorizontalStackView.swift in Sources */ = {isa = PBXBuildFile; fileRef = 4E94A5A524EC380300A6C9D5 /* HorizontalStackView.swift */; };
		4E94A5AA24EC380300A6C9D5 /* UIColor+HexRgb.swift in Sources */ = {isa = PBXBuildFile; fileRef = 4E94A5A624EC380300A6C9D5 /* UIColor+HexRgb.swift */; };
		4E94A5AB24EC380300A6C9D5 /* UIView+ConstraintLayout.swift in Sources */ = {isa = PBXBuildFile; fileRef = 4E94A5A724EC380300A6C9D5 /* UIView+ConstraintLayout.swift */; };
		4E94A5AF24EC390900A6C9D5 /* SushiSubtitleCell.swift in Sources */ = {isa = PBXBuildFile; fileRef = 4E94A5AE24EC390900A6C9D5 /* SushiSubtitleCell.swift */; };
		4E94A5B224EC3A5300A6C9D5 /* ColorTheme.swift in Sources */ = {isa = PBXBuildFile; fileRef = 4E94A5B124EC3A5300A6C9D5 /* ColorTheme.swift */; };
		4E94A5B424EC3AE000A6C9D5 /* SushiDetailViewController.swift in Sources */ = {isa = PBXBuildFile; fileRef = 4E94A5B324EC3AE000A6C9D5 /* SushiDetailViewController.swift */; };
		4E94A5B624EC4EE300A6C9D5 /* SearchFooter.swift in Sources */ = {isa = PBXBuildFile; fileRef = 4E94A5B524EC4EE300A6C9D5 /* SearchFooter.swift */; };
/* End PBXBuildFile section */

/* Begin PBXFileReference section */
		4E94A58424EC30C600A6C9D5 /* SushiLoverDemo.app */ = {isa = PBXFileReference; explicitFileType = wrapper.application; includeInIndex = 0; path = SushiLoverDemo.app; sourceTree = BUILT_PRODUCTS_DIR; };
		4E94A58724EC30C600A6C9D5 /* AppDelegate.swift */ = {isa = PBXFileReference; lastKnownFileType = sourcecode.swift; path = AppDelegate.swift; sourceTree = "<group>"; };
		4E94A58924EC30C600A6C9D5 /* SceneDelegate.swift */ = {isa = PBXFileReference; lastKnownFileType = sourcecode.swift; path = SceneDelegate.swift; sourceTree = "<group>"; };
		4E94A59024EC30CD00A6C9D5 /* Assets.xcassets */ = {isa = PBXFileReference; lastKnownFileType = folder.assetcatalog; path = Assets.xcassets; sourceTree = "<group>"; };
		4E94A59324EC30CD00A6C9D5 /* Base */ = {isa = PBXFileReference; lastKnownFileType = file.storyboard; name = Base; path = Base.lproj/LaunchScreen.storyboard; sourceTree = "<group>"; };
		4E94A59524EC30CD00A6C9D5 /* Info.plist */ = {isa = PBXFileReference; lastKnownFileType = text.plist.xml; path = Info.plist; sourceTree = "<group>"; };
		4E94A59C24EC31A900A6C9D5 /* SushiTableViewController.swift */ = {isa = PBXFileReference; lastKnownFileType = sourcecode.swift; path = SushiTableViewController.swift; sourceTree = "<group>"; };
		4E94A59E24EC324400A6C9D5 /* sushi.json */ = {isa = PBXFileReference; fileEncoding = 4; lastKnownFileType = text.json; path = sushi.json; sourceTree = "<group>"; };
		4E94A5A124EC32AA00A6C9D5 /* Sushi.swift */ = {isa = PBXFileReference; lastKnownFileType = sourcecode.swift; path = Sushi.swift; sourceTree = "<group>"; };
		4E94A5A424EC380300A6C9D5 /* VerticalStackView.swift */ = {isa = PBXFileReference; fileEncoding = 4; lastKnownFileType = sourcecode.swift; path = VerticalStackView.swift; sourceTree = "<group>"; };
		4E94A5A524EC380300A6C9D5 /* HorizontalStackView.swift */ = {isa = PBXFileReference; fileEncoding = 4; lastKnownFileType = sourcecode.swift; path = HorizontalStackView.swift; sourceTree = "<group>"; };
		4E94A5A624EC380300A6C9D5 /* UIColor+HexRgb.swift */ = {isa = PBXFileReference; fileEncoding = 4; lastKnownFileType = sourcecode.swift; path = "UIColor+HexRgb.swift"; sourceTree = "<group>"; };
		4E94A5A724EC380300A6C9D5 /* UIView+ConstraintLayout.swift */ = {isa = PBXFileReference; fileEncoding = 4; lastKnownFileType = sourcecode.swift; path = "UIView+ConstraintLayout.swift"; sourceTree = "<group>"; };
		4E94A5AE24EC390900A6C9D5 /* SushiSubtitleCell.swift */ = {isa = PBXFileReference; lastKnownFileType = sourcecode.swift; path = SushiSubtitleCell.swift; sourceTree = "<group>"; };
		4E94A5B124EC3A5300A6C9D5 /* ColorTheme.swift */ = {isa = PBXFileReference; lastKnownFileType = sourcecode.swift; path = ColorTheme.swift; sourceTree = "<group>"; };
		4E94A5B324EC3AE000A6C9D5 /* SushiDetailViewController.swift */ = {isa = PBXFileReference; lastKnownFileType = sourcecode.swift; path = SushiDetailViewController.swift; sourceTree = "<group>"; };
		4E94A5B524EC4EE300A6C9D5 /* SearchFooter.swift */ = {isa = PBXFileReference; fileEncoding = 4; lastKnownFileType = sourcecode.swift; path = SearchFooter.swift; sourceTree = "<group>"; };
/* End PBXFileReference section */

/* Begin PBXFrameworksBuildPhase section */
		4E94A58124EC30C600A6C9D5 /* Frameworks */ = {
			isa = PBXFrameworksBuildPhase;
			buildActionMask = 2147483647;
			files = (
			);
			runOnlyForDeploymentPostprocessing = 0;
		};
/* End PBXFrameworksBuildPhase section */

/* Begin PBXGroup section */
		4E94A57B24EC30C600A6C9D5 = {
			isa = PBXGroup;
			children = (
				4E94A58624EC30C600A6C9D5 /* SushiLoverDemo */,
				4E94A58524EC30C600A6C9D5 /* Products */,
			);
			sourceTree = "<group>";
		};
		4E94A58524EC30C600A6C9D5 /* Products */ = {
			isa = PBXGroup;
			children = (
				4E94A58424EC30C600A6C9D5 /* SushiLoverDemo.app */,
			);
			name = Products;
			sourceTree = "<group>";
		};
		4E94A58624EC30C600A6C9D5 /* SushiLoverDemo */ = {
			isa = PBXGroup;
			children = (
				4E94A5A324EC37F600A6C9D5 /* Utils */,
				4E94A59B24EC315E00A6C9D5 /* Supporting Files */,
				4E94A5B024EC3A3500A6C9D5 /* Common */,
				4E94A5A024EC329B00A6C9D5 /* Model */,
				4E94A5AC24EC38B300A6C9D5 /* Master */,
				4E94A5AD24EC38BA00A6C9D5 /* Detail */,
				4E94A59524EC30CD00A6C9D5 /* Info.plist */,
				4E94A59E24EC324400A6C9D5 /* sushi.json */,
			);
			path = SushiLoverDemo;
			sourceTree = "<group>";
		};
		4E94A59B24EC315E00A6C9D5 /* Supporting Files */ = {
			isa = PBXGroup;
			children = (
				4E94A58724EC30C600A6C9D5 /* AppDelegate.swift */,
				4E94A58924EC30C600A6C9D5 /* SceneDelegate.swift */,
				4E94A59024EC30CD00A6C9D5 /* Assets.xcassets */,
				4E94A59224EC30CD00A6C9D5 /* LaunchScreen.storyboard */,
			);
			path = "Supporting Files";
			sourceTree = "<group>";
		};
		4E94A5A024EC329B00A6C9D5 /* Model */ = {
			isa = PBXGroup;
			children = (
				4E94A5A124EC32AA00A6C9D5 /* Sushi.swift */,
			);
			path = Model;
			sourceTree = "<group>";
		};
		4E94A5A324EC37F600A6C9D5 /* Utils */ = {
			isa = PBXGroup;
			children = (
				4E94A5A524EC380300A6C9D5 /* HorizontalStackView.swift */,
				4E94A5A724EC380300A6C9D5 /* UIView+ConstraintLayout.swift */,
				4E94A5A624EC380300A6C9D5 /* UIColor+HexRgb.swift */,
				4E94A5A424EC380300A6C9D5 /* VerticalStackView.swift */,
			);
			path = Utils;
			sourceTree = "<group>";
		};
		4E94A5AC24EC38B300A6C9D5 /* Master */ = {
			isa = PBXGroup;
			children = (
				4E94A59C24EC31A900A6C9D5 /* SushiTableViewController.swift */,
				4E94A5AE24EC390900A6C9D5 /* SushiSubtitleCell.swift */,
			);
			path = Master;
			sourceTree = "<group>";
		};
		4E94A5AD24EC38BA00A6C9D5 /* Detail */ = {
			isa = PBXGroup;
			children = (
				4E94A5B324EC3AE000A6C9D5 /* SushiDetailViewController.swift */,
			);
			path = Detail;
			sourceTree = "<group>";
		};
		4E94A5B024EC3A3500A6C9D5 /* Common */ = {
			isa = PBXGroup;
			children = (
				4E94A5B524EC4EE300A6C9D5 /* SearchFooter.swift */,
				4E94A5B124EC3A5300A6C9D5 /* ColorTheme.swift */,
			);
			path = Common;
			sourceTree = "<group>";
		};
/* End PBXGroup section */

/* Begin PBXNativeTarget section */
		4E94A58324EC30C600A6C9D5 /* SushiLoverDemo */ = {
			isa = PBXNativeTarget;
			buildConfigurationList = 4E94A59824EC30CD00A6C9D5 /* Build configuration list for PBXNativeTarget "SushiLoverDemo" */;
			buildPhases = (
				4E94A58024EC30C600A6C9D5 /* Sources */,
				4E94A58124EC30C600A6C9D5 /* Frameworks */,
				4E94A58224EC30C600A6C9D5 /* Resources */,
			);
			buildRules = (
			);
			dependencies = (
			);
			name = SushiLoverDemo;
			productName = SushiLoverDemo;
			productReference = 4E94A58424EC30C600A6C9D5 /* SushiLoverDemo.app */;
			productType = "com.apple.product-type.application";
		};
/* End PBXNativeTarget section */

/* Begin PBXProject section */
		4E94A57C24EC30C600A6C9D5 /* Project object */ = {
			isa = PBXProject;
			attributes = {
				LastSwiftUpdateCheck = 1160;
				LastUpgradeCheck = 1160;
				ORGANIZATIONNAME = "Derrick Park";
				TargetAttributes = {
					4E94A58324EC30C600A6C9D5 = {
						CreatedOnToolsVersion = 11.6;
					};
				};
			};
			buildConfigurationList = 4E94A57F24EC30C600A6C9D5 /* Build configuration list for PBXProject "SushiLoverDemo" */;
			compatibilityVersion = "Xcode 9.3";
			developmentRegion = en;
			hasScannedForEncodings = 0;
			knownRegions = (
				en,
				Base,
			);
			mainGroup = 4E94A57B24EC30C600A6C9D5;
			productRefGroup = 4E94A58524EC30C600A6C9D5 /* Products */;
			projectDirPath = "";
			projectRoot = "";
			targets = (
				4E94A58324EC30C600A6C9D5 /* SushiLoverDemo */,
			);
		};
/* End PBXProject section */

/* Begin PBXResourcesBuildPhase section */
		4E94A58224EC30C600A6C9D5 /* Resources */ = {
			isa = PBXResourcesBuildPhase;
			buildActionMask = 2147483647;
			files = (
				4E94A59F24EC324400A6C9D5 /* sushi.json in Resources */,
				4E94A59424EC30CD00A6C9D5 /* LaunchScreen.storyboard in Resources */,
				4E94A59124EC30CD00A6C9D5 /* Assets.xcassets in Resources */,
			);
			runOnlyForDeploymentPostprocessing = 0;
		};
/* End PBXResourcesBuildPhase section */

/* Begin PBXSourcesBuildPhase section */
		4E94A58024EC30C600A6C9D5 /* Sources */ = {
			isa = PBXSourcesBuildPhase;
			buildActionMask = 2147483647;
			files = (
				4E94A59D24EC31A900A6C9D5 /* SushiTableViewController.swift in Sources */,
				4E94A5B224EC3A5300A6C9D5 /* ColorTheme.swift in Sources */,
				4E94A58824EC30C600A6C9D5 /* AppDelegate.swift in Sources */,
				4E94A5A224EC32AA00A6C9D5 /* Sushi.swift in Sources */,
				4E94A5B424EC3AE000A6C9D5 /* SushiDetailViewController.swift in Sources */,
				4E94A5A924EC380300A6C9D5 /* HorizontalStackView.swift in Sources */,
				4E94A58A24EC30C600A6C9D5 /* SceneDelegate.swift in Sources */,
				4E94A5AA24EC380300A6C9D5 /* UIColor+HexRgb.swift in Sources */,
				4E94A5AF24EC390900A6C9D5 /* SushiSubtitleCell.swift in Sources */,
				4E94A5A824EC380300A6C9D5 /* VerticalStackView.swift in Sources */,
				4E94A5B624EC4EE300A6C9D5 /* SearchFooter.swift in Sources */,
				4E94A5AB24EC380300A6C9D5 /* UIView+ConstraintLayout.swift in Sources */,
			);
			runOnlyForDeploymentPostprocessing = 0;
		};
/* End PBXSourcesBuildPhase section */

/* Begin PBXVariantGroup section */
		4E94A59224EC30CD00A6C9D5 /* LaunchScreen.storyboard */ = {
			isa = PBXVariantGroup;
			children = (
				4E94A59324EC30CD00A6C9D5 /* Base */,
			);
			name = LaunchScreen.storyboard;
			sourceTree = "<group>";
		};
/* End PBXVariantGroup section */

/* Begin XCBuildConfiguration section */
		4E94A59624EC30CD00A6C9D5 /* Debug */ = {
			isa = XCBuildConfiguration;
			buildSettings = {
				ALWAYS_SEARCH_USER_PATHS = NO;
				CLANG_ANALYZER_NONNULL = YES;
				CLANG_ANALYZER_NUMBER_OBJECT_CONVERSION = YES_AGGRESSIVE;
				CLANG_CXX_LANGUAGE_STANDARD = "gnu++14";
				CLANG_CXX_LIBRARY = "libc++";
				CLANG_ENABLE_MODULES = YES;
				CLANG_ENABLE_OBJC_ARC = YES;
				CLANG_ENABLE_OBJC_WEAK = YES;
				CLANG_WARN_BLOCK_CAPTURE_AUTORELEASING = YES;
				CLANG_WARN_BOOL_CONVERSION = YES;
				CLANG_WARN_COMMA = YES;
				CLANG_WARN_CONSTANT_CONVERSION = YES;
				CLANG_WARN_DEPRECATED_OBJC_IMPLEMENTATIONS = YES;
				CLANG_WARN_DIRECT_OBJC_ISA_USAGE = YES_ERROR;
				CLANG_WARN_DOCUMENTATION_COMMENTS = YES;
				CLANG_WARN_EMPTY_BODY = YES;
				CLANG_WARN_ENUM_CONVERSION = YES;
				CLANG_WARN_INFINITE_RECURSION = YES;
				CLANG_WARN_INT_CONVERSION = YES;
				CLANG_WARN_NON_LITERAL_NULL_CONVERSION = YES;
				CLANG_WARN_OBJC_IMPLICIT_RETAIN_SELF = YES;
				CLANG_WARN_OBJC_LITERAL_CONVERSION = YES;
				CLANG_WARN_OBJC_ROOT_CLASS = YES_ERROR;
				CLANG_WARN_RANGE_LOOP_ANALYSIS = YES;
				CLANG_WARN_STRICT_PROTOTYPES = YES;
				CLANG_WARN_SUSPICIOUS_MOVE = YES;
				CLANG_WARN_UNGUARDED_AVAILABILITY = YES_AGGRESSIVE;
				CLANG_WARN_UNREACHABLE_CODE = YES;
				CLANG_WARN__DUPLICATE_METHOD_MATCH = YES;
				COPY_PHASE_STRIP = NO;
				DEBUG_INFORMATION_FORMAT = dwarf;
				ENABLE_STRICT_OBJC_MSGSEND = YES;
				ENABLE_TESTABILITY = YES;
				GCC_C_LANGUAGE_STANDARD = gnu11;
				GCC_DYNAMIC_NO_PIC = NO;
				GCC_NO_COMMON_BLOCKS = YES;
				GCC_OPTIMIZATION_LEVEL = 0;
				GCC_PREPROCESSOR_DEFINITIONS = (
					"DEBUG=1",
					"$(inherited)",
				);
				GCC_WARN_64_TO_32_BIT_CONVERSION = YES;
				GCC_WARN_ABOUT_RETURN_TYPE = YES_ERROR;
				GCC_WARN_UNDECLARED_SELECTOR = YES;
				GCC_WARN_UNINITIALIZED_AUTOS = YES_AGGRESSIVE;
				GCC_WARN_UNUSED_FUNCTION = YES;
				GCC_WARN_UNUSED_VARIABLE = YES;
				IPHONEOS_DEPLOYMENT_TARGET = 13.6;
				MTL_ENABLE_DEBUG_INFO = INCLUDE_SOURCE;
				MTL_FAST_MATH = YES;
				ONLY_ACTIVE_ARCH = YES;
				SDKROOT = iphoneos;
				SWIFT_ACTIVE_COMPILATION_CONDITIONS = DEBUG;
				SWIFT_OPTIMIZATION_LEVEL = "-Onone";
			};
			name = Debug;
		};
		4E94A59724EC30CD00A6C9D5 /* Release */ = {
			isa = XCBuildConfiguration;
			buildSettings = {
				ALWAYS_SEARCH_USER_PATHS = NO;
				CLANG_ANALYZER_NONNULL = YES;
				CLANG_ANALYZER_NUMBER_OBJECT_CONVERSION = YES_AGGRESSIVE;
				CLANG_CXX_LANGUAGE_STANDARD = "gnu++14";
				CLANG_CXX_LIBRARY = "libc++";
				CLANG_ENABLE_MODULES = YES;
				CLANG_ENABLE_OBJC_ARC = YES;
				CLANG_ENABLE_OBJC_WEAK = YES;
				CLANG_WARN_BLOCK_CAPTURE_AUTORELEASING = YES;
				CLANG_WARN_BOOL_CONVERSION = YES;
				CLANG_WARN_COMMA = YES;
				CLANG_WARN_CONSTANT_CONVERSION = YES;
				CLANG_WARN_DEPRECATED_OBJC_IMPLEMENTATIONS = YES;
				CLANG_WARN_DIRECT_OBJC_ISA_USAGE = YES_ERROR;
				CLANG_WARN_DOCUMENTATION_COMMENTS = YES;
				CLANG_WARN_EMPTY_BODY = YES;
				CLANG_WARN_ENUM_CONVERSION = YES;
				CLANG_WARN_INFINITE_RECURSION = YES;
				CLANG_WARN_INT_CONVERSION = YES;
				CLANG_WARN_NON_LITERAL_NULL_CONVERSION = YES;
				CLANG_WARN_OBJC_IMPLICIT_RETAIN_SELF = YES;
				CLANG_WARN_OBJC_LITERAL_CONVERSION = YES;
				CLANG_WARN_OBJC_ROOT_CLASS = YES_ERROR;
				CLANG_WARN_RANGE_LOOP_ANALYSIS = YES;
				CLANG_WARN_STRICT_PROTOTYPES = YES;
				CLANG_WARN_SUSPICIOUS_MOVE = YES;
				CLANG_WARN_UNGUARDED_AVAILABILITY = YES_AGGRESSIVE;
				CLANG_WARN_UNREACHABLE_CODE = YES;
				CLANG_WARN__DUPLICATE_METHOD_MATCH = YES;
				COPY_PHASE_STRIP = NO;
				DEBUG_INFORMATION_FORMAT = "dwarf-with-dsym";
				ENABLE_NS_ASSERTIONS = NO;
				ENABLE_STRICT_OBJC_MSGSEND = YES;
				GCC_C_LANGUAGE_STANDARD = gnu11;
				GCC_NO_COMMON_BLOCKS = YES;
				GCC_WARN_64_TO_32_BIT_CONVERSION = YES;
				GCC_WARN_ABOUT_RETURN_TYPE = YES_ERROR;
				GCC_WARN_UNDECLARED_SELECTOR = YES;
				GCC_WARN_UNINITIALIZED_AUTOS = YES_AGGRESSIVE;
				GCC_WARN_UNUSED_FUNCTION = YES;
				GCC_WARN_UNUSED_VARIABLE = YES;
				IPHONEOS_DEPLOYMENT_TARGET = 13.6;
				MTL_ENABLE_DEBUG_INFO = NO;
				MTL_FAST_MATH = YES;
				SDKROOT = iphoneos;
				SWIFT_COMPILATION_MODE = wholemodule;
				SWIFT_OPTIMIZATION_LEVEL = "-O";
				VALIDATE_PRODUCT = YES;
			};
			name = Release;
		};
		4E94A59924EC30CD00A6C9D5 /* Debug */ = {
			isa = XCBuildConfiguration;
			buildSettings = {
				ASSETCATALOG_COMPILER_APPICON_NAME = AppIcon;
				CODE_SIGN_STYLE = Automatic;
				DEVELOPMENT_TEAM = QZTHY59Q97;
				INFOPLIST_FILE = SushiLoverDemo/Info.plist;
				LD_RUNPATH_SEARCH_PATHS = (
					"$(inherited)",
					"@executable_path/Frameworks",
				);
				PRODUCT_BUNDLE_IDENTIFIER = com.dpapp.SushiLoverDemo;
				PRODUCT_NAME = "$(TARGET_NAME)";
				SWIFT_VERSION = 5.0;
				TARGETED_DEVICE_FAMILY = 1;
			};
			name = Debug;
		};
		4E94A59A24EC30CD00A6C9D5 /* Release */ = {
			isa = XCBuildConfiguration;
			buildSettings = {
				ASSETCATALOG_COMPILER_APPICON_NAME = AppIcon;
				CODE_SIGN_STYLE = Automatic;
				DEVELOPMENT_TEAM = QZTHY59Q97;
				INFOPLIST_FILE = SushiLoverDemo/Info.plist;
				LD_RUNPATH_SEARCH_PATHS = (
					"$(inherited)",
					"@executable_path/Frameworks",
				);
				PRODUCT_BUNDLE_IDENTIFIER = com.dpapp.SushiLoverDemo;
				PRODUCT_NAME = "$(TARGET_NAME)";
				SWIFT_VERSION = 5.0;
				TARGETED_DEVICE_FAMILY = 1;
			};
			name = Release;
		};
/* End XCBuildConfiguration section */

/* Begin XCConfigurationList section */
		4E94A57F24EC30C600A6C9D5 /* Build configuration list for PBXProject "SushiLoverDemo" */ = {
			isa = XCConfigurationList;
			buildConfigurations = (
				4E94A59624EC30CD00A6C9D5 /* Debug */,
				4E94A59724EC30CD00A6C9D5 /* Release */,
			);
			defaultConfigurationIsVisible = 0;
			defaultConfigurationName = Release;
		};
		4E94A59824EC30CD00A6C9D5 /* Build configuration list for PBXNativeTarget "SushiLoverDemo" */ = {
			isa = XCConfigurationList;
			buildConfigurations = (
				4E94A59924EC30CD00A6C9D5 /* Debug */,
				4E94A59A24EC30CD00A6C9D5 /* Release */,
			);
			defaultConfigurationIsVisible = 0;
			defaultConfigurationName = Release;
		};
/* End XCConfigurationList section */
	};
	rootObject = 4E94A57C24EC30C600A6C9D5 /* Project object */;
}
