// !$*UTF8*$!
{
	archiveVersion = 1;
	classes = {
	};
	objectVersion = 50;
	objects = {

/* Begin PBXBuildFile section */
		4E3BD55224EAE085002E71BE /* AppDelegate.swift in Sources */ = {isa = PBXBuildFile; fileRef = 4E3BD55124EAE085002E71BE /* AppDelegate.swift */; };
		4E3BD55424EAE085002E71BE /* SceneDelegate.swift in Sources */ = {isa = PBXBuildFile; fileRef = 4E3BD55324EAE085002E71BE /* SceneDelegate.swift */; };
		4E3BD55624EAE085002E71BE /* ViewController.swift in Sources */ = {isa = PBXBuildFile; fileRef = 4E3BD55524EAE085002E71BE /* ViewController.swift */; };
		4E3BD55924EAE085002E71BE /* Main.storyboard in Resources */ = {isa = PBXBuildFile; fileRef = 4E3BD55724EAE085002E71BE /* Main.storyboard */; };
		4E3BD55B24EAE08C002E71BE /* Assets.xcassets in Resources */ = {isa = PBXBuildFile; fileRef = 4E3BD55A24EAE08C002E71BE /* Assets.xcassets */; };
		4E3BD55E24EAE08C002E71BE /* LaunchScreen.storyboard in Resources */ = {isa = PBXBuildFile; fileRef = 4E3BD55C24EAE08C002E71BE /* LaunchScreen.storyboard */; };
		4E3BD56624EAE241002E71BE /* UIView+ConstraintLayout.swift in Sources */ = {isa = PBXBuildFile; fileRef = 4E3BD56524EAE241002E71BE /* UIView+ConstraintLayout.swift */; };
		4E3BD56824EAE994002E71BE /* PersonCollectionViewCell.swift in Sources */ = {isa = PBXBuildFile; fileRef = 4E3BD56724EAE994002E71BE /* PersonCollectionViewCell.swift */; };
		4E3BD56A24EAEB5E002E71BE /* HeaderView.swift in Sources */ = {isa = PBXBuildFile; fileRef = 4E3BD56924EAEB5E002E71BE /* HeaderView.swift */; };
/* End PBXBuildFile section */

/* Begin PBXFileReference section */
		4E3BD54E24EAE085002E71BE /* CollectionViewDemo.app */ = {isa = PBXFileReference; explicitFileType = wrapper.application; includeInIndex = 0; path = CollectionViewDemo.app; sourceTree = BUILT_PRODUCTS_DIR; };
		4E3BD55124EAE085002E71BE /* AppDelegate.swift */ = {isa = PBXFileReference; lastKnownFileType = sourcecode.swift; path = AppDelegate.swift; sourceTree = "<group>"; };
		4E3BD55324EAE085002E71BE /* SceneDelegate.swift */ = {isa = PBXFileReference; lastKnownFileType = sourcecode.swift; path = SceneDelegate.swift; sourceTree = "<group>"; };
		4E3BD55524EAE085002E71BE /* ViewController.swift */ = {isa = PBXFileReference; lastKnownFileType = sourcecode.swift; path = ViewController.swift; sourceTree = "<group>"; };
		4E3BD55824EAE085002E71BE /* Base */ = {isa = PBXFileReference; lastKnownFileType = file.storyboard; name = Base; path = Base.lproj/Main.storyboard; sourceTree = "<group>"; };
		4E3BD55A24EAE08C002E71BE /* Assets.xcassets */ = {isa = PBXFileReference; lastKnownFileType = folder.assetcatalog; path = Assets.xcassets; sourceTree = "<group>"; };
		4E3BD55D24EAE08C002E71BE /* Base */ = {isa = PBXFileReference; lastKnownFileType = file.storyboard; name = Base; path = Base.lproj/LaunchScreen.storyboard; sourceTree = "<group>"; };
		4E3BD55F24EAE08C002E71BE /* Info.plist */ = {isa = PBXFileReference; lastKnownFileType = text.plist.xml; path = Info.plist; sourceTree = "<group>"; };
		4E3BD56524EAE241002E71BE /* UIView+ConstraintLayout.swift */ = {isa = PBXFileReference; fileEncoding = 4; lastKnownFileType = sourcecode.swift; path = "UIView+ConstraintLayout.swift"; sourceTree = "<group>"; };
		4E3BD56724EAE994002E71BE /* PersonCollectionViewCell.swift */ = {isa = PBXFileReference; lastKnownFileType = sourcecode.swift; path = PersonCollectionViewCell.swift; sourceTree = "<group>"; };
		4E3BD56924EAEB5E002E71BE /* HeaderView.swift */ = {isa = PBXFileReference; lastKnownFileType = sourcecode.swift; path = HeaderView.swift; sourceTree = "<group>"; };
/* End PBXFileReference section */

/* Begin PBXFrameworksBuildPhase section */
		4E3BD54B24EAE085002E71BE /* Frameworks */ = {
			isa = PBXFrameworksBuildPhase;
			buildActionMask = 2147483647;
			files = (
			);
			runOnlyForDeploymentPostprocessing = 0;
		};
/* End PBXFrameworksBuildPhase section */

/* Begin PBXGroup section */
		4E3BD54524EAE085002E71BE = {
			isa = PBXGroup;
			children = (
				4E3BD55024EAE085002E71BE /* CollectionViewDemo */,
				4E3BD54F24EAE085002E71BE /* Products */,
			);
			sourceTree = "<group>";
		};
		4E3BD54F24EAE085002E71BE /* Products */ = {
			isa = PBXGroup;
			children = (
				4E3BD54E24EAE085002E71BE /* CollectionViewDemo.app */,
			);
			name = Products;
			sourceTree = "<group>";
		};
		4E3BD55024EAE085002E71BE /* CollectionViewDemo */ = {
			isa = PBXGroup;
			children = (
				4E3BD55124EAE085002E71BE /* AppDelegate.swift */,
				4E3BD55324EAE085002E71BE /* SceneDelegate.swift */,
				4E3BD55524EAE085002E71BE /* ViewController.swift */,
				4E3BD56924EAEB5E002E71BE /* HeaderView.swift */,
				4E3BD56724EAE994002E71BE /* PersonCollectionViewCell.swift */,
				4E3BD56524EAE241002E71BE /* UIView+ConstraintLayout.swift */,
				4E3BD55724EAE085002E71BE /* Main.storyboard */,
				4E3BD55A24EAE08C002E71BE /* Assets.xcassets */,
				4E3BD55C24EAE08C002E71BE /* LaunchScreen.storyboard */,
				4E3BD55F24EAE08C002E71BE /* Info.plist */,
			);
			path = CollectionViewDemo;
			sourceTree = "<group>";
		};
/* End PBXGroup section */

/* Begin PBXNativeTarget section */
		4E3BD54D24EAE085002E71BE /* CollectionViewDemo */ = {
			isa = PBXNativeTarget;
			buildConfigurationList = 4E3BD56224EAE08C002E71BE /* Build configuration list for PBXNativeTarget "CollectionViewDemo" */;
			buildPhases = (
				4E3BD54A24EAE085002E71BE /* Sources */,
				4E3BD54B24EAE085002E71BE /* Frameworks */,
				4E3BD54C24EAE085002E71BE /* Resources */,
			);
			buildRules = (
			);
			dependencies = (
			);
			name = CollectionViewDemo;
			productName = CollectionViewDemo;
			productReference = 4E3BD54E24EAE085002E71BE /* CollectionViewDemo.app */;
			productType = "com.apple.product-type.application";
		};
/* End PBXNativeTarget section */

/* Begin PBXProject section */
		4E3BD54624EAE085002E71BE /* Project object */ = {
			isa = PBXProject;
			attributes = {
				LastSwiftUpdateCheck = 1160;
				LastUpgradeCheck = 1160;
				ORGANIZATIONNAME = "Derrick Park";
				TargetAttributes = {
					4E3BD54D24EAE085002E71BE = {
						CreatedOnToolsVersion = 11.6;
					};
				};
			};
			buildConfigurationList = 4E3BD54924EAE085002E71BE /* Build configuration list for PBXProject "CollectionViewDemo" */;
			compatibilityVersion = "Xcode 9.3";
			developmentRegion = en;
			hasScannedForEncodings = 0;
			knownRegions = (
				en,
				Base,
			);
			mainGroup = 4E3BD54524EAE085002E71BE;
			productRefGroup = 4E3BD54F24EAE085002E71BE /* Products */;
			projectDirPath = "";
			projectRoot = "";
			targets = (
				4E3BD54D24EAE085002E71BE /* CollectionViewDemo */,
			);
		};
/* End PBXProject section */

/* Begin PBXResourcesBuildPhase section */
		4E3BD54C24EAE085002E71BE /* Resources */ = {
			isa = PBXResourcesBuildPhase;
			buildActionMask = 2147483647;
			files = (
				4E3BD55E24EAE08C002E71BE /* LaunchScreen.storyboard in Resources */,
				4E3BD55B24EAE08C002E71BE /* Assets.xcassets in Resources */,
				4E3BD55924EAE085002E71BE /* Main.storyboard in Resources */,
			);
			runOnlyForDeploymentPostprocessing = 0;
		};
/* End PBXResourcesBuildPhase section */

/* Begin PBXSourcesBuildPhase section */
		4E3BD54A24EAE085002E71BE /* Sources */ = {
			isa = PBXSourcesBuildPhase;
			buildActionMask = 2147483647;
			files = (
				4E3BD55624EAE085002E71BE /* ViewController.swift in Sources */,
				4E3BD56A24EAEB5E002E71BE /* HeaderView.swift in Sources */,
				4E3BD55224EAE085002E71BE /* AppDelegate.swift in Sources */,
				4E3BD55424EAE085002E71BE /* SceneDelegate.swift in Sources */,
				4E3BD56624EAE241002E71BE /* UIView+ConstraintLayout.swift in Sources */,
				4E3BD56824EAE994002E71BE /* PersonCollectionViewCell.swift in Sources */,
			);
			runOnlyForDeploymentPostprocessing = 0;
		};
/* End PBXSourcesBuildPhase section */

/* Begin PBXVariantGroup section */
		4E3BD55724EAE085002E71BE /* Main.storyboard */ = {
			isa = PBXVariantGroup;
			children = (
				4E3BD55824EAE085002E71BE /* Base */,
			);
			name = Main.storyboard;
			sourceTree = "<group>";
		};
		4E3BD55C24EAE08C002E71BE /* LaunchScreen.storyboard */ = {
			isa = PBXVariantGroup;
			children = (
				4E3BD55D24EAE08C002E71BE /* Base */,
			);
			name = LaunchScreen.storyboard;
			sourceTree = "<group>";
		};
/* End PBXVariantGroup section */

/* Begin XCBuildConfiguration section */
		4E3BD56024EAE08C002E71BE /* Debug */ = {
			isa = XCBuildConfiguration;
			buildSettings = {
				ALWAYS_SEARCH_USER_PATHS = NO;
				CLANG_ANALYZER_NONNULL = YES;
				CLANG_ANALYZER_NUMBER_OBJECT_CONVERSION = YES_AGGRESSIVE;
				CLANG_CXX_LANGUAGE_STANDARD = "gnu++14";
				CLANG_CXX_LIBRARY = "libc++";
				CLANG_ENABLE_MODULES = YES;
				CLANG_ENABLE_OBJC_ARC = YES;
				CLANG_ENABLE_OBJC_WEAK = YES;
				CLANG_WARN_BLOCK_CAPTURE_AUTORELEASING = YES;
				CLANG_WARN_BOOL_CONVERSION = YES;
				CLANG_WARN_COMMA = YES;
				CLANG_WARN_CONSTANT_CONVERSION = YES;
				CLANG_WARN_DEPRECATED_OBJC_IMPLEMENTATIONS = YES;
				CLANG_WARN_DIRECT_OBJC_ISA_USAGE = YES_ERROR;
				CLANG_WARN_DOCUMENTATION_COMMENTS = YES;
				CLANG_WARN_EMPTY_BODY = YES;
				CLANG_WARN_ENUM_CONVERSION = YES;
				CLANG_WARN_INFINITE_RECURSION = YES;
				CLANG_WARN_INT_CONVERSION = YES;
				CLANG_WARN_NON_LITERAL_NULL_CONVERSION = YES;
				CLANG_WARN_OBJC_IMPLICIT_RETAIN_SELF = YES;
				CLANG_WARN_OBJC_LITERAL_CONVERSION = YES;
				CLANG_WARN_OBJC_ROOT_CLASS = YES_ERROR;
				CLANG_WARN_RANGE_LOOP_ANALYSIS = YES;
				CLANG_WARN_STRICT_PROTOTYPES = YES;
				CLANG_WARN_SUSPICIOUS_MOVE = YES;
				CLANG_WARN_UNGUARDED_AVAILABILITY = YES_AGGRESSIVE;
				CLANG_WARN_UNREACHABLE_CODE = YES;
				CLANG_WARN__DUPLICATE_METHOD_MATCH = YES;
				COPY_PHASE_STRIP = NO;
				DEBUG_INFORMATION_FORMAT = dwarf;
				ENABLE_STRICT_OBJC_MSGSEND = YES;
				ENABLE_TESTABILITY = YES;
				GCC_C_LANGUAGE_STANDARD = gnu11;
				GCC_DYNAMIC_NO_PIC = NO;
				GCC_NO_COMMON_BLOCKS = YES;
				GCC_OPTIMIZATION_LEVEL = 0;
				GCC_PREPROCESSOR_DEFINITIONS = (
					"DEBUG=1",
					"$(inherited)",
				);
				GCC_WARN_64_TO_32_BIT_CONVERSION = YES;
				GCC_WARN_ABOUT_RETURN_TYPE = YES_ERROR;
				GCC_WARN_UNDECLARED_SELECTOR = YES;
				GCC_WARN_UNINITIALIZED_AUTOS = YES_AGGRESSIVE;
				GCC_WARN_UNUSED_FUNCTION = YES;
				GCC_WARN_UNUSED_VARIABLE = YES;
				IPHONEOS_DEPLOYMENT_TARGET = 13.6;
				MTL_ENABLE_DEBUG_INFO = INCLUDE_SOURCE;
				MTL_FAST_MATH = YES;
				ONLY_ACTIVE_ARCH = YES;
				SDKROOT = iphoneos;
				SWIFT_ACTIVE_COMPILATION_CONDITIONS = DEBUG;
				SWIFT_OPTIMIZATION_LEVEL = "-Onone";
			};
			name = Debug;
		};
		4E3BD56124EAE08C002E71BE /* Release */ = {
			isa = XCBuildConfiguration;
			buildSettings = {
				ALWAYS_SEARCH_USER_PATHS = NO;
				CLANG_ANALYZER_NONNULL = YES;
				CLANG_ANALYZER_NUMBER_OBJECT_CONVERSION = YES_AGGRESSIVE;
				CLANG_CXX_LANGUAGE_STANDARD = "gnu++14";
				CLANG_CXX_LIBRARY = "libc++";
				CLANG_ENABLE_MODULES = YES;
				CLANG_ENABLE_OBJC_ARC = YES;
				CLANG_ENABLE_OBJC_WEAK = YES;
				CLANG_WARN_BLOCK_CAPTURE_AUTORELEASING = YES;
				CLANG_WARN_BOOL_CONVERSION = YES;
				CLANG_WARN_COMMA = YES;
				CLANG_WARN_CONSTANT_CONVERSION = YES;
				CLANG_WARN_DEPRECATED_OBJC_IMPLEMENTATIONS = YES;
				CLANG_WARN_DIRECT_OBJC_ISA_USAGE = YES_ERROR;
				CLANG_WARN_DOCUMENTATION_COMMENTS = YES;
				CLANG_WARN_EMPTY_BODY = YES;
				CLANG_WARN_ENUM_CONVERSION = YES;
				CLANG_WARN_INFINITE_RECURSION = YES;
				CLANG_WARN_INT_CONVERSION = YES;
				CLANG_WARN_NON_LITERAL_NULL_CONVERSION = YES;
				CLANG_WARN_OBJC_IMPLICIT_RETAIN_SELF = YES;
				CLANG_WARN_OBJC_LITERAL_CONVERSION = YES;
				CLANG_WARN_OBJC_ROOT_CLASS = YES_ERROR;
				CLANG_WARN_RANGE_LOOP_ANALYSIS = YES;
				CLANG_WARN_STRICT_PROTOTYPES = YES;
				CLANG_WARN_SUSPICIOUS_MOVE = YES;
				CLANG_WARN_UNGUARDED_AVAILABILITY = YES_AGGRESSIVE;
				CLANG_WARN_UNREACHABLE_CODE = YES;
				CLANG_WARN__DUPLICATE_METHOD_MATCH = YES;
				COPY_PHASE_STRIP = NO;
				DEBUG_INFORMATION_FORMAT = "dwarf-with-dsym";
				ENABLE_NS_ASSERTIONS = NO;
				ENABLE_STRICT_OBJC_MSGSEND = YES;
				GCC_C_LANGUAGE_STANDARD = gnu11;
				GCC_NO_COMMON_BLOCKS = YES;
				GCC_WARN_64_TO_32_BIT_CONVERSION = YES;
				GCC_WARN_ABOUT_RETURN_TYPE = YES_ERROR;
				GCC_WARN_UNDECLARED_SELECTOR = YES;
				GCC_WARN_UNINITIALIZED_AUTOS = YES_AGGRESSIVE;
				GCC_WARN_UNUSED_FUNCTION = YES;
				GCC_WARN_UNUSED_VARIABLE = YES;
				IPHONEOS_DEPLOYMENT_TARGET = 13.6;
				MTL_ENABLE_DEBUG_INFO = NO;
				MTL_FAST_MATH = YES;
				SDKROOT = iphoneos;
				SWIFT_COMPILATION_MODE = wholemodule;
				SWIFT_OPTIMIZATION_LEVEL = "-O";
				VALIDATE_PRODUCT = YES;
			};
			name = Release;
		};
		4E3BD56324EAE08C002E71BE /* Debug */ = {
			isa = XCBuildConfiguration;
			buildSettings = {
				ASSETCATALOG_COMPILER_APPICON_NAME = AppIcon;
				CODE_SIGN_STYLE = Automatic;
				DEVELOPMENT_TEAM = QZTHY59Q97;
				INFOPLIST_FILE = CollectionViewDemo/Info.plist;
				LD_RUNPATH_SEARCH_PATHS = (
					"$(inherited)",
					"@executable_path/Frameworks",
				);
				PRODUCT_BUNDLE_IDENTIFIER = com.dpapp.CollectionViewDemo;
				PRODUCT_NAME = "$(TARGET_NAME)";
				SWIFT_VERSION = 5.0;
				TARGETED_DEVICE_FAMILY = 1;
			};
			name = Debug;
		};
		4E3BD56424EAE08C002E71BE /* Release */ = {
			isa = XCBuildConfiguration;
			buildSettings = {
				ASSETCATALOG_COMPILER_APPICON_NAME = AppIcon;
				CODE_SIGN_STYLE = Automatic;
				DEVELOPMENT_TEAM = QZTHY59Q97;
				INFOPLIST_FILE = CollectionViewDemo/Info.plist;
				LD_RUNPATH_SEARCH_PATHS = (
					"$(inherited)",
					"@executable_path/Frameworks",
				);
				PRODUCT_BUNDLE_IDENTIFIER = com.dpapp.CollectionViewDemo;
				PRODUCT_NAME = "$(TARGET_NAME)";
				SWIFT_VERSION = 5.0;
				TARGETED_DEVICE_FAMILY = 1;
			};
			name = Release;
		};
/* End XCBuildConfiguration section */

/* Begin XCConfigurationList section */
		4E3BD54924EAE085002E71BE /* Build configuration list for PBXProject "CollectionViewDemo" */ = {
			isa = XCConfigurationList;
			buildConfigurations = (
				4E3BD56024EAE08C002E71BE /* Debug */,
				4E3BD56124EAE08C002E71BE /* Release */,
			);
			defaultConfigurationIsVisible = 0;
			defaultConfigurationName = Release;
		};
		4E3BD56224EAE08C002E71BE /* Build configuration list for PBXNativeTarget "CollectionViewDemo" */ = {
			isa = XCConfigurationList;
			buildConfigurations = (
				4E3BD56324EAE08C002E71BE /* Debug */,
				4E3BD56424EAE08C002E71BE /* Release */,
			);
			defaultConfigurationIsVisible = 0;
			defaultConfigurationName = Release;
		};
/* End XCConfigurationList section */
	};
	rootObject = 4E3BD54624EAE085002E71BE /* Project object */;
}
