// !$*UTF8*$!
{
	archiveVersion = 1;
	classes = {
	};
	objectVersion = 50;
	objects = {

/* Begin PBXBuildFile section */
		95224958246A4B3800186037 /* AppDelegate.swift in Sources */ = {isa = PBXBuildFile; fileRef = 95224957246A4B3800186037 /* AppDelegate.swift */; };
		9522495A246A4B3800186037 /* SceneDelegate.swift in Sources */ = {isa = PBXBuildFile; fileRef = 95224959246A4B3800186037 /* SceneDelegate.swift */; };
		9522495F246A4B3800186037 /* Main.storyboard in Resources */ = {isa = PBXBuildFile; fileRef = 9522495D246A4B3800186037 /* Main.storyboard */; };
		95224961246A4B3A00186037 /* Assets.xcassets in Resources */ = {isa = PBXBuildFile; fileRef = 95224960246A4B3A00186037 /* Assets.xcassets */; };
		95224964246A4B3A00186037 /* LaunchScreen.storyboard in Resources */ = {isa = PBXBuildFile; fileRef = 95224962246A4B3A00186037 /* LaunchScreen.storyboard */; };
		9522496E246A4CDE00186037 /* Food.swift in Sources */ = {isa = PBXBuildFile; fileRef = 9522496D246A4CDE00186037 /* Food.swift */; };
		95224970246A4CF200186037 /* Meal.swift in Sources */ = {isa = PBXBuildFile; fileRef = 9522496F246A4CF200186037 /* Meal.swift */; };
		95224976246A642C00186037 /* FoodTableViewController.swift in Sources */ = {isa = PBXBuildFile; fileRef = 95224975246A642C00186037 /* FoodTableViewController.swift */; };
/* End PBXBuildFile section */

/* Begin PBXFileReference section */
		95224954246A4B3800186037 /* MealTracker.app */ = {isa = PBXFileReference; explicitFileType = wrapper.application; includeInIndex = 0; path = MealTracker.app; sourceTree = BUILT_PRODUCTS_DIR; };
		95224957246A4B3800186037 /* AppDelegate.swift */ = {isa = PBXFileReference; lastKnownFileType = sourcecode.swift; path = AppDelegate.swift; sourceTree = "<group>"; };
		95224959246A4B3800186037 /* SceneDelegate.swift */ = {isa = PBXFileReference; lastKnownFileType = sourcecode.swift; path = SceneDelegate.swift; sourceTree = "<group>"; };
		9522495E246A4B3800186037 /* Base */ = {isa = PBXFileReference; lastKnownFileType = file.storyboard; name = Base; path = Base.lproj/Main.storyboard; sourceTree = "<group>"; };
		95224960246A4B3A00186037 /* Assets.xcassets */ = {isa = PBXFileReference; lastKnownFileType = folder.assetcatalog; path = Assets.xcassets; sourceTree = "<group>"; };
		95224963246A4B3A00186037 /* Base */ = {isa = PBXFileReference; lastKnownFileType = file.storyboard; name = Base; path = Base.lproj/LaunchScreen.storyboard; sourceTree = "<group>"; };
		95224965246A4B3A00186037 /* Info.plist */ = {isa = PBXFileReference; lastKnownFileType = text.plist.xml; path = Info.plist; sourceTree = "<group>"; };
		9522496D246A4CDE00186037 /* Food.swift */ = {isa = PBXFileReference; lastKnownFileType = sourcecode.swift; path = Food.swift; sourceTree = "<group>"; };
		9522496F246A4CF200186037 /* Meal.swift */ = {isa = PBXFileReference; lastKnownFileType = sourcecode.swift; path = Meal.swift; sourceTree = "<group>"; };
		95224975246A642C00186037 /* FoodTableViewController.swift */ = {isa = PBXFileReference; lastKnownFileType = sourcecode.swift; name = FoodTableViewController.swift; path = ../FoodTableViewController.swift; sourceTree = "<group>"; };
/* End PBXFileReference section */

/* Begin PBXFrameworksBuildPhase section */
		95224951246A4B3800186037 /* Frameworks */ = {
			isa = PBXFrameworksBuildPhase;
			buildActionMask = 2147483647;
			files = (
			);
			runOnlyForDeploymentPostprocessing = 0;
		};
/* End PBXFrameworksBuildPhase section */

/* Begin PBXGroup section */
		9522494B246A4B3800186037 = {
			isa = PBXGroup;
			children = (
				95224956246A4B3800186037 /* MealTracker */,
				95224955246A4B3800186037 /* Products */,
			);
			sourceTree = "<group>";
		};
		95224955246A4B3800186037 /* Products */ = {
			isa = PBXGroup;
			children = (
				95224954246A4B3800186037 /* MealTracker.app */,
			);
			name = Products;
			sourceTree = "<group>";
		};
		95224956246A4B3800186037 /* MealTracker */ = {
			isa = PBXGroup;
			children = (
				95224975246A642C00186037 /* FoodTableViewController.swift */,
				95224957246A4B3800186037 /* AppDelegate.swift */,
				95224959246A4B3800186037 /* SceneDelegate.swift */,
				9522495D246A4B3800186037 /* Main.storyboard */,
				9522496D246A4CDE00186037 /* Food.swift */,
				9522496F246A4CF200186037 /* Meal.swift */,
				95224960246A4B3A00186037 /* Assets.xcassets */,
				95224962246A4B3A00186037 /* LaunchScreen.storyboard */,
				95224965246A4B3A00186037 /* Info.plist */,
			);
			path = MealTracker;
			sourceTree = "<group>";
		};
/* End PBXGroup section */

/* Begin PBXNativeTarget section */
		95224953246A4B3800186037 /* MealTracker */ = {
			isa = PBXNativeTarget;
			buildConfigurationList = 95224968246A4B3A00186037 /* Build configuration list for PBXNativeTarget "MealTracker" */;
			buildPhases = (
				95224950246A4B3800186037 /* Sources */,
				95224951246A4B3800186037 /* Frameworks */,
				95224952246A4B3800186037 /* Resources */,
			);
			buildRules = (
			);
			dependencies = (
			);
			name = MealTracker;
			productName = MealTracker;
			productReference = 95224954246A4B3800186037 /* MealTracker.app */;
			productType = "com.apple.product-type.application";
		};
/* End PBXNativeTarget section */

/* Begin PBXProject section */
		9522494C246A4B3800186037 /* Project object */ = {
			isa = PBXProject;
			attributes = {
				LastSwiftUpdateCheck = 1140;
				LastUpgradeCheck = 1140;
				ORGANIZATIONNAME = "Martin Kuchar";
				TargetAttributes = {
					95224953246A4B3800186037 = {
						CreatedOnToolsVersion = 11.4.1;
					};
				};
			};
			buildConfigurationList = 9522494F246A4B3800186037 /* Build configuration list for PBXProject "MealTracker" */;
			compatibilityVersion = "Xcode 9.3";
			developmentRegion = en;
			hasScannedForEncodings = 0;
			knownRegions = (
				en,
				Base,
			);
			mainGroup = 9522494B246A4B3800186037;
			productRefGroup = 95224955246A4B3800186037 /* Products */;
			projectDirPath = "";
			projectRoot = "";
			targets = (
				95224953246A4B3800186037 /* MealTracker */,
			);
		};
/* End PBXProject section */

/* Begin PBXResourcesBuildPhase section */
		95224952246A4B3800186037 /* Resources */ = {
			isa = PBXResourcesBuildPhase;
			buildActionMask = 2147483647;
			files = (
				95224964246A4B3A00186037 /* LaunchScreen.storyboard in Resources */,
				95224961246A4B3A00186037 /* Assets.xcassets in Resources */,
				9522495F246A4B3800186037 /* Main.storyboard in Resources */,
			);
			runOnlyForDeploymentPostprocessing = 0;
		};
/* End PBXResourcesBuildPhase section */

/* Begin PBXSourcesBuildPhase section */
		95224950246A4B3800186037 /* Sources */ = {
			isa = PBXSourcesBuildPhase;
			buildActionMask = 2147483647;
			files = (
				95224958246A4B3800186037 /* AppDelegate.swift in Sources */,
				9522496E246A4CDE00186037 /* Food.swift in Sources */,
				95224976246A642C00186037 /* FoodTableViewController.swift in Sources */,
				9522495A246A4B3800186037 /* SceneDelegate.swift in Sources */,
				95224970246A4CF200186037 /* Meal.swift in Sources */,
			);
			runOnlyForDeploymentPostprocessing = 0;
		};
/* End PBXSourcesBuildPhase section */

/* Begin PBXVariantGroup section */
		9522495D246A4B3800186037 /* Main.storyboard */ = {
			isa = PBXVariantGroup;
			children = (
				9522495E246A4B3800186037 /* Base */,
			);
			name = Main.storyboard;
			sourceTree = "<group>";
		};
		95224962246A4B3A00186037 /* LaunchScreen.storyboard */ = {
			isa = PBXVariantGroup;
			children = (
				95224963246A4B3A00186037 /* Base */,
			);
			name = LaunchScreen.storyboard;
			sourceTree = "<group>";
		};
/* End PBXVariantGroup section */

/* Begin XCBuildConfiguration section */
		95224966246A4B3A00186037 /* Debug */ = {
			isa = XCBuildConfiguration;
			buildSettings = {
				ALWAYS_SEARCH_USER_PATHS = NO;
				CLANG_ANALYZER_NONNULL = YES;
				CLANG_ANALYZER_NUMBER_OBJECT_CONVERSION = YES_AGGRESSIVE;
				CLANG_CXX_LANGUAGE_STANDARD = "gnu++14";
				CLANG_CXX_LIBRARY = "libc++";
				CLANG_ENABLE_MODULES = YES;
				CLANG_ENABLE_OBJC_ARC = YES;
				CLANG_ENABLE_OBJC_WEAK = YES;
				CLANG_WARN_BLOCK_CAPTURE_AUTORELEASING = YES;
				CLANG_WARN_BOOL_CONVERSION = YES;
				CLANG_WARN_COMMA = YES;
				CLANG_WARN_CONSTANT_CONVERSION = YES;
				CLANG_WARN_DEPRECATED_OBJC_IMPLEMENTATIONS = YES;
				CLANG_WARN_DIRECT_OBJC_ISA_USAGE = YES_ERROR;
				CLANG_WARN_DOCUMENTATION_COMMENTS = YES;
				CLANG_WARN_EMPTY_BODY = YES;
				CLANG_WARN_ENUM_CONVERSION = YES;
				CLANG_WARN_INFINITE_RECURSION = YES;
				CLANG_WARN_INT_CONVERSION = YES;
				CLANG_WARN_NON_LITERAL_NULL_CONVERSION = YES;
				CLANG_WARN_OBJC_IMPLICIT_RETAIN_SELF = YES;
				CLANG_WARN_OBJC_LITERAL_CONVERSION = YES;
				CLANG_WARN_OBJC_ROOT_CLASS = YES_ERROR;
				CLANG_WARN_RANGE_LOOP_ANALYSIS = YES;
				CLANG_WARN_STRICT_PROTOTYPES = YES;
				CLANG_WARN_SUSPICIOUS_MOVE = YES;
				CLANG_WARN_UNGUARDED_AVAILABILITY = YES_AGGRESSIVE;
				CLANG_WARN_UNREACHABLE_CODE = YES;
				CLANG_WARN__DUPLICATE_METHOD_MATCH = YES;
				COPY_PHASE_STRIP = NO;
				DEBUG_INFORMATION_FORMAT = dwarf;
				ENABLE_STRICT_OBJC_MSGSEND = YES;
				ENABLE_TESTABILITY = YES;
				GCC_C_LANGUAGE_STANDARD = gnu11;
				GCC_DYNAMIC_NO_PIC = NO;
				GCC_NO_COMMON_BLOCKS = YES;
				GCC_OPTIMIZATION_LEVEL = 0;
				GCC_PREPROCESSOR_DEFINITIONS = (
					"DEBUG=1",
					"$(inherited)",
				);
				GCC_WARN_64_TO_32_BIT_CONVERSION = YES;
				GCC_WARN_ABOUT_RETURN_TYPE = YES_ERROR;
				GCC_WARN_UNDECLARED_SELECTOR = YES;
				GCC_WARN_UNINITIALIZED_AUTOS = YES_AGGRESSIVE;
				GCC_WARN_UNUSED_FUNCTION = YES;
				GCC_WARN_UNUSED_VARIABLE = YES;
				IPHONEOS_DEPLOYMENT_TARGET = 13.4;
				MTL_ENABLE_DEBUG_INFO = INCLUDE_SOURCE;
				MTL_FAST_MATH = YES;
				ONLY_ACTIVE_ARCH = YES;
				SDKROOT = iphoneos;
				SWIFT_ACTIVE_COMPILATION_CONDITIONS = DEBUG;
				SWIFT_OPTIMIZATION_LEVEL = "-Onone";
			};
			name = Debug;
		};
		95224967246A4B3A00186037 /* Release */ = {
			isa = XCBuildConfiguration;
			buildSettings = {
				ALWAYS_SEARCH_USER_PATHS = NO;
				CLANG_ANALYZER_NONNULL = YES;
				CLANG_ANALYZER_NUMBER_OBJECT_CONVERSION = YES_AGGRESSIVE;
				CLANG_CXX_LANGUAGE_STANDARD = "gnu++14";
				CLANG_CXX_LIBRARY = "libc++";
				CLANG_ENABLE_MODULES = YES;
				CLANG_ENABLE_OBJC_ARC = YES;
				CLANG_ENABLE_OBJC_WEAK = YES;
				CLANG_WARN_BLOCK_CAPTURE_AUTORELEASING = YES;
				CLANG_WARN_BOOL_CONVERSION = YES;
				CLANG_WARN_COMMA = YES;
				CLANG_WARN_CONSTANT_CONVERSION = YES;
				CLANG_WARN_DEPRECATED_OBJC_IMPLEMENTATIONS = YES;
				CLANG_WARN_DIRECT_OBJC_ISA_USAGE = YES_ERROR;
				CLANG_WARN_DOCUMENTATION_COMMENTS = YES;
				CLANG_WARN_EMPTY_BODY = YES;
				CLANG_WARN_ENUM_CONVERSION = YES;
				CLANG_WARN_INFINITE_RECURSION = YES;
				CLANG_WARN_INT_CONVERSION = YES;
				CLANG_WARN_NON_LITERAL_NULL_CONVERSION = YES;
				CLANG_WARN_OBJC_IMPLICIT_RETAIN_SELF = YES;
				CLANG_WARN_OBJC_LITERAL_CONVERSION = YES;
				CLANG_WARN_OBJC_ROOT_CLASS = YES_ERROR;
				CLANG_WARN_RANGE_LOOP_ANALYSIS = YES;
				CLANG_WARN_STRICT_PROTOTYPES = YES;
				CLANG_WARN_SUSPICIOUS_MOVE = YES;
				CLANG_WARN_UNGUARDED_AVAILABILITY = YES_AGGRESSIVE;
				CLANG_WARN_UNREACHABLE_CODE = YES;
				CLANG_WARN__DUPLICATE_METHOD_MATCH = YES;
				COPY_PHASE_STRIP = NO;
				DEBUG_INFORMATION_FORMAT = "dwarf-with-dsym";
				ENABLE_NS_ASSERTIONS = NO;
				ENABLE_STRICT_OBJC_MSGSEND = YES;
				GCC_C_LANGUAGE_STANDARD = gnu11;
				GCC_NO_COMMON_BLOCKS = YES;
				GCC_WARN_64_TO_32_BIT_CONVERSION = YES;
				GCC_WARN_ABOUT_RETURN_TYPE = YES_ERROR;
				GCC_WARN_UNDECLARED_SELECTOR = YES;
				GCC_WARN_UNINITIALIZED_AUTOS = YES_AGGRESSIVE;
				GCC_WARN_UNUSED_FUNCTION = YES;
				GCC_WARN_UNUSED_VARIABLE = YES;
				IPHONEOS_DEPLOYMENT_TARGET = 13.4;
				MTL_ENABLE_DEBUG_INFO = NO;
				MTL_FAST_MATH = YES;
				SDKROOT = iphoneos;
				SWIFT_COMPILATION_MODE = wholemodule;
				SWIFT_OPTIMIZATION_LEVEL = "-O";
				VALIDATE_PRODUCT = YES;
			};
			name = Release;
		};
		95224969246A4B3A00186037 /* Debug */ = {
			isa = XCBuildConfiguration;
			buildSettings = {
				ASSETCATALOG_COMPILER_APPICON_NAME = AppIcon;
				CODE_SIGN_STYLE = Automatic;
				DEVELOPMENT_TEAM = PC4J6W84S8;
				INFOPLIST_FILE = MealTracker/Info.plist;
				LD_RUNPATH_SEARCH_PATHS = (
					"$(inherited)",
					"@executable_path/Frameworks",
				);
				PRODUCT_BUNDLE_IDENTIFIER = Test.MealTracker;
				PRODUCT_NAME = "$(TARGET_NAME)";
				SWIFT_VERSION = 5.0;
				TARGETED_DEVICE_FAMILY = "1,2";
			};
			name = Debug;
		};
		9522496A246A4B3A00186037 /* Release */ = {
			isa = XCBuildConfiguration;
			buildSettings = {
				ASSETCATALOG_COMPILER_APPICON_NAME = AppIcon;
				CODE_SIGN_STYLE = Automatic;
				DEVELOPMENT_TEAM = PC4J6W84S8;
				INFOPLIST_FILE = MealTracker/Info.plist;
				LD_RUNPATH_SEARCH_PATHS = (
					"$(inherited)",
					"@executable_path/Frameworks",
				);
				PRODUCT_BUNDLE_IDENTIFIER = Test.MealTracker;
				PRODUCT_NAME = "$(TARGET_NAME)";
				SWIFT_VERSION = 5.0;
				TARGETED_DEVICE_FAMILY = "1,2";
			};
			name = Release;
		};
/* End XCBuildConfiguration section */

/* Begin XCConfigurationList section */
		9522494F246A4B3800186037 /* Build configuration list for PBXProject "MealTracker" */ = {
			isa = XCConfigurationList;
			buildConfigurations = (
				95224966246A4B3A00186037 /* Debug */,
				95224967246A4B3A00186037 /* Release */,
			);
			defaultConfigurationIsVisible = 0;
			defaultConfigurationName = Release;
		};
		95224968246A4B3A00186037 /* Build configuration list for PBXNativeTarget "MealTracker" */ = {
			isa = XCConfigurationList;
			buildConfigurations = (
				95224969246A4B3A00186037 /* Debug */,
				9522496A246A4B3A00186037 /* Release */,
			);
			defaultConfigurationIsVisible = 0;
			defaultConfigurationName = Release;
		};
/* End XCConfigurationList section */
	};
	rootObject = 9522494C246A4B3800186037 /* Project object */;
}
